
Microsoft Visual Studio Solution File, Format Version 12.00
# Visual Studio 15
VisualStudioVersion = 15.0.27130.2027
MinimumVisualStudioVersion = 10.0.40219.1
Project("{9A19103F-16F7-4668-BE54-9A1E7A4F7556}") = "Sessions.API", "Sessions.API\Sessions.API.csproj", "{3FB19FC2-F145-465C-B578-D5FE9344A6F2}"
EndProject
Project("{9A19103F-16F7-4668-BE54-9A1E7A4F7556}") = "Sessions.Models", "Sessions.Models\Sessions.Models.csproj", "{0700263E-680E-475C-BF6F-6754F6C05ED3}"
EndProject
Project("{2150E333-8FDC-42A3-9474-1A3956D46DE8}") = "Services", "Services", "{992D4156-A771-4FEF-88F4-068962F10518}"
EndProject
Project("{2150E333-8FDC-42A3-9474-1A3956D46DE8}") = "Tools", "Tools", "{CF97D374-0F1A-458F-BBF1-9AF33219B3D9}"
EndProject
Project("{9A19103F-16F7-4668-BE54-9A1E7A4F7556}") = "Sessions.Migrations", "Sessions.Migrations\Sessions.Migrations.csproj", "{0A0FC1F7-D0A3-4A9F-AF31-EC748BEC7A8A}"
EndProject
Project("{2150E333-8FDC-42A3-9474-1A3956D46DE8}") = "Jobs", "Jobs", "{C0517F47-EF6A-46FE-B870-15A9035D68F1}"
EndProject
Project("{FAE04EC0-301F-11D3-BF4B-00C04F79EFBC}") = "Sessions.AuditLogClearer", "Sessions.AuditLogClearer\Sessions.AuditLogClearer.csproj", "{5D6D6D4F-1FF6-479A-B093-0AE2658D7D13}"
EndProject
Project("{FAE04EC0-301F-11D3-BF4B-00C04F79EFBC}") = "Votings.API", "Votings.API\Votings.API.csproj", "{8C00DBE3-6C81-439A-94C3-FD95EDC98C74}"
EndProject
Project("{2150E333-8FDC-42A3-9474-1A3956D46DE8}") = "Docker", "Docker", "{0A67FF58-75C1-4C85-AEA2-68A3DFDD60C0}"
ProjectSection(SolutionItems) = preProject
	sessions-ms.Dockerfile = sessions-ms.Dockerfile
	votings-ms.Dockerfile = votings-ms.Dockerfile
	log-cleaner.Dockerfile = log-cleaner.Dockerfile
	export-ms.Dockerfile = export-ms.Dockerfile
EndProjectSection
EndProject
Project("{2150E333-8FDC-42A3-9474-1A3956D46DE8}") = "Kubernetes", "Kubernetes", "{63C1A15A-166F-4276-BF92-7772A5936F8A}"
ProjectSection(SolutionItems) = preProject
	..\deployments\secrets.template.yaml = ..\deployments\secrets.template.yaml
	..\deployments\secrets.yaml = ..\deployments\secrets.yaml
	..\deployments\services.yaml = ..\deployments\services.yaml
	..\deployments\frontend.yaml = ..\deployments\frontend.yaml
	..\deployments\cronjob.yaml = ..\deployments\cronjob.yaml
	..\deployments\backend.yaml = ..\deployments\backend.yaml
EndProjectSection
EndProject
Project("{FAE04EC0-301F-11D3-BF4B-00C04F79EFBC}") = "Sessions.Share", "Sessions.Share\Sessions.Share.csproj", "{D8CA7E45-9ABA-498A-AEBF-9F6E2F158ED5}"
EndProject
Project("{FAE04EC0-301F-11D3-BF4B-00C04F79EFBC}") = "Export.API", "Export.API\Export.API.csproj", "{74E46905-95A0-45EA-86C6-0C809B9B31DD}"
EndProject
Global
	GlobalSection(SolutionConfigurationPlatforms) = preSolution
		Debug|Any CPU = Debug|Any CPU
		Release|Any CPU = Release|Any CPU
	EndGlobalSection
	GlobalSection(ProjectConfigurationPlatforms) = postSolution
		{3FB19FC2-F145-465C-B578-D5FE9344A6F2}.Debug|Any CPU.ActiveCfg = Debug|Any CPU
		{3FB19FC2-F145-465C-B578-D5FE9344A6F2}.Debug|Any CPU.Build.0 = Debug|Any CPU
		{3FB19FC2-F145-465C-B578-D5FE9344A6F2}.Release|Any CPU.ActiveCfg = Release|Any CPU
		{3FB19FC2-F145-465C-B578-D5FE9344A6F2}.Release|Any CPU.Build.0 = Release|Any CPU
		{0700263E-680E-475C-BF6F-6754F6C05ED3}.Debug|Any CPU.ActiveCfg = Debug|Any CPU
		{0700263E-680E-475C-BF6F-6754F6C05ED3}.Debug|Any CPU.Build.0 = Debug|Any CPU
		{0700263E-680E-475C-BF6F-6754F6C05ED3}.Release|Any CPU.ActiveCfg = Release|Any CPU
		{0700263E-680E-475C-BF6F-6754F6C05ED3}.Release|Any CPU.Build.0 = Release|Any CPU
		{0A0FC1F7-D0A3-4A9F-AF31-EC748BEC7A8A}.Debug|Any CPU.ActiveCfg = Debug|Any CPU
		{0A0FC1F7-D0A3-4A9F-AF31-EC748BEC7A8A}.Debug|Any CPU.Build.0 = Debug|Any CPU
		{0A0FC1F7-D0A3-4A9F-AF31-EC748BEC7A8A}.Release|Any CPU.ActiveCfg = Release|Any CPU
		{0A0FC1F7-D0A3-4A9F-AF31-EC748BEC7A8A}.Release|Any CPU.Build.0 = Release|Any CPU
		{5D6D6D4F-1FF6-479A-B093-0AE2658D7D13}.Debug|Any CPU.ActiveCfg = Debug|Any CPU
		{5D6D6D4F-1FF6-479A-B093-0AE2658D7D13}.Debug|Any CPU.Build.0 = Debug|Any CPU
		{5D6D6D4F-1FF6-479A-B093-0AE2658D7D13}.Release|Any CPU.ActiveCfg = Release|Any CPU
		{5D6D6D4F-1FF6-479A-B093-0AE2658D7D13}.Release|Any CPU.Build.0 = Release|Any CPU
		{8C00DBE3-6C81-439A-94C3-FD95EDC98C74}.Debug|Any CPU.ActiveCfg = Debug|Any CPU
		{8C00DBE3-6C81-439A-94C3-FD95EDC98C74}.Debug|Any CPU.Build.0 = Debug|Any CPU
		{8C00DBE3-6C81-439A-94C3-FD95EDC98C74}.Release|Any CPU.ActiveCfg = Release|Any CPU
		{8C00DBE3-6C81-439A-94C3-FD95EDC98C74}.Release|Any CPU.Build.0 = Release|Any CPU
		{D8CA7E45-9ABA-498A-AEBF-9F6E2F158ED5}.Debug|Any CPU.ActiveCfg = Debug|Any CPU
		{D8CA7E45-9ABA-498A-AEBF-9F6E2F158ED5}.Debug|Any CPU.Build.0 = Debug|Any CPU
		{D8CA7E45-9ABA-498A-AEBF-9F6E2F158ED5}.Release|Any CPU.ActiveCfg = Release|Any CPU
		{D8CA7E45-9ABA-498A-AEBF-9F6E2F158ED5}.Release|Any CPU.Build.0 = Release|Any CPU
		{74E46905-95A0-45EA-86C6-0C809B9B31DD}.Debug|Any CPU.ActiveCfg = Debug|Any CPU
		{74E46905-95A0-45EA-86C6-0C809B9B31DD}.Debug|Any CPU.Build.0 = Debug|Any CPU
		{74E46905-95A0-45EA-86C6-0C809B9B31DD}.Release|Any CPU.ActiveCfg = Release|Any CPU
		{74E46905-95A0-45EA-86C6-0C809B9B31DD}.Release|Any CPU.Build.0 = Release|Any CPU
	EndGlobalSection
	GlobalSection(SolutionProperties) = preSolution
		HideSolutionNode = FALSE
	EndGlobalSection
	GlobalSection(NestedProjects) = preSolution
		{3FB19FC2-F145-465C-B578-D5FE9344A6F2} = {992D4156-A771-4FEF-88F4-068962F10518}
		{0A0FC1F7-D0A3-4A9F-AF31-EC748BEC7A8A} = {CF97D374-0F1A-458F-BBF1-9AF33219B3D9}
		{5D6D6D4F-1FF6-479A-B093-0AE2658D7D13} = {C0517F47-EF6A-46FE-B870-15A9035D68F1}
		{8C00DBE3-6C81-439A-94C3-FD95EDC98C74} = {992D4156-A771-4FEF-88F4-068962F10518}
		{D8CA7E45-9ABA-498A-AEBF-9F6E2F158ED5} = {992D4156-A771-4FEF-88F4-068962F10518}
		{74E46905-95A0-45EA-86C6-0C809B9B31DD} = {992D4156-A771-4FEF-88F4-068962F10518}
	EndGlobalSection
	GlobalSection(ExtensibilityGlobals) = postSolution
		SolutionGuid = {840F94B0-AF23-48A6-9B46-8125C402FD96}
	EndGlobalSection
EndGlobal
